
Microsoft Visual Studio Solution File, Format Version 12.00
# Visual Studio Version 16
VisualStudioVersion = 16.0.31025.194
MinimumVisualStudioVersion = 10.0.40219.1
Project("{8BC9CEB8-8B4A-11D0-8D11-00A0C91BC942}") = "tree", "tree.vcxproj", "{B8F47F19-1DF4-4330-BCF6-ADF4CAA71570}"
EndProject
Global
	GlobalSection(SolutionConfigurationPlatforms) = preSolution
		Debug|x64 = Debug|x64
		Debug|x86 = Debug|x86
		Release|x64 = Release|x64
		Release|x86 = Release|x86
	EndGlobalSection
	GlobalSection(ProjectConfigurationPlatforms) = postSolution
		{B8F47F19-1DF4-4330-BCF6-ADF4CAA71570}.Debug|x64.ActiveCfg = Debug|x64
		{B8F47F19-1DF4-4330-BCF6-ADF4CAA71570}.Debug|x64.Build.0 = Debug|x64
		{B8F47F19-1DF4-4330-BCF6-ADF4CAA71570}.Debug|x86.ActiveCfg = Debug|Win32
		{B8F47F19-1DF4-4330-BCF6-ADF4CAA71570}.Debug|x86.Build.0 = Debug|Win32
		{B8F47F19-1DF4-4330-BCF6-ADF4CAA71570}.Release|x64.ActiveCfg = Release|x64
		{B8F47F19-1DF4-4330-BCF6-ADF4CAA71570}.Release|x64.Build.0 = Release|x64
		{B8F47F19-1DF4-4330-BCF6-ADF4CAA71570}.Release|x86.ActiveCfg = Release|Win32
		{B8F47F19-1DF4-4330-BCF6-ADF4CAA71570}.Release|x86.Build.0 = Release|Win32
	EndGlobalSection
	GlobalSection(SolutionProperties) = preSolution
		HideSolutionNode = FALSE
	EndGlobalSection
	GlobalSection(ExtensibilityGlobals) = postSolution
		SolutionGuid = {F1735A84-54EA-4FD9-9599-4A157C826EC6}
	EndGlobalSection
EndGlobal
